// !$*UTF8*$!
{
	archiveVersion = 1;
	classes = {
	};
	objectVersion = 46;
	objects = {

/* Begin PBXBuildFile section */
		4D29C2081C6D2EE800B34FD5 /* ASLoginViewController.m in Sources */ = {isa = PBXBuildFile; fileRef = 4D29C2071C6D2EE800B34FD5 /* ASLoginViewController.m */; };
		4D29C20D1C6D2FD800B34FD5 /* ASUserSingleton.m in Sources */ = {isa = PBXBuildFile; fileRef = 4D29C20C1C6D2FD800B34FD5 /* ASUserSingleton.m */; };
		4D29C2101C6D4D8900B34FD5 /* ASRESTAPI.m in Sources */ = {isa = PBXBuildFile; fileRef = 4D29C20F1C6D4D8900B34FD5 /* ASRESTAPI.m */; };
		4D29C2131C6D61D100B34FD5 /* HomeViewController.m in Sources */ = {isa = PBXBuildFile; fileRef = 4D29C2121C6D61D100B34FD5 /* HomeViewController.m */; };
		4D29C2191C6D62DE00B34FD5 /* MenuTableViewCell.m in Sources */ = {isa = PBXBuildFile; fileRef = 4D29C2181C6D62DE00B34FD5 /* MenuTableViewCell.m */; };
		4D9885B01C7A398E0024323C /* ProjectsTableViewController.m in Sources */ = {isa = PBXBuildFile; fileRef = 4D9885AF1C7A398E0024323C /* ProjectsTableViewController.m */; };
		4D9885B31C7A895D0024323C /* IssuesTableViewController.m in Sources */ = {isa = PBXBuildFile; fileRef = 4D9885B21C7A895D0024323C /* IssuesTableViewController.m */; };
		4D9885B61C7ADBAA0024323C /* ProjectDetailsViewController.m in Sources */ = {isa = PBXBuildFile; fileRef = 4D9885B51C7ADBAA0024323C /* ProjectDetailsViewController.m */; };
		4D9885B91C7BDC230024323C /* IssueDetailsViewController.m in Sources */ = {isa = PBXBuildFile; fileRef = 4D9885B81C7BDC230024323C /* IssueDetailsViewController.m */; };
		4D9885C01C7C05E60024323C /* NewProjectViewController.m in Sources */ = {isa = PBXBuildFile; fileRef = 4D9885BF1C7C05E60024323C /* NewProjectViewController.m */; };
		4DD5E32F1C528077009350F4 /* reveal-icon.png in Resources */ = {isa = PBXBuildFile; fileRef = 4DD5E32D1C528077009350F4 /* reveal-icon.png */; };
		4DD5E3301C528077009350F4 /* reveal-icon@2x.png in Resources */ = {isa = PBXBuildFile; fileRef = 4DD5E32E1C528077009350F4 /* reveal-icon@2x.png */; };
		4DD5E3331C528616009350F4 /* SWRevealViewController.m in Sources */ = {isa = PBXBuildFile; fileRef = 4DD5E3321C528616009350F4 /* SWRevealViewController.m */; };
		4DE9DF5F1C4FEEF800FD9488 /* main.m in Sources */ = {isa = PBXBuildFile; fileRef = 4DE9DF5E1C4FEEF800FD9488 /* main.m */; };
		4DE9DF621C4FEEF800FD9488 /* AppDelegate.m in Sources */ = {isa = PBXBuildFile; fileRef = 4DE9DF611C4FEEF800FD9488 /* AppDelegate.m */; };
		4DE9DF651C4FEEF800FD9488 /* ViewController.m in Sources */ = {isa = PBXBuildFile; fileRef = 4DE9DF641C4FEEF800FD9488 /* ViewController.m */; };
		4DE9DF681C4FEEF800FD9488 /* Main.storyboard in Resources */ = {isa = PBXBuildFile; fileRef = 4DE9DF661C4FEEF800FD9488 /* Main.storyboard */; };
		4DE9DF6B1C4FEEF800FD9488 /* AutoScheduler.xcdatamodeld in Sources */ = {isa = PBXBuildFile; fileRef = 4DE9DF691C4FEEF800FD9488 /* AutoScheduler.xcdatamodeld */; };
		4DE9DF6D1C4FEEF800FD9488 /* Assets.xcassets in Resources */ = {isa = PBXBuildFile; fileRef = 4DE9DF6C1C4FEEF800FD9488 /* Assets.xcassets */; };
		4DE9DF701C4FEEF800FD9488 /* LaunchScreen.storyboard in Resources */ = {isa = PBXBuildFile; fileRef = 4DE9DF6E1C4FEEF800FD9488 /* LaunchScreen.storyboard */; };
		4DE9DF7B1C4FEEF800FD9488 /* AutoSchedulerTests.m in Sources */ = {isa = PBXBuildFile; fileRef = 4DE9DF7A1C4FEEF800FD9488 /* AutoSchedulerTests.m */; };
		4DE9DF861C4FEEF800FD9488 /* AutoSchedulerUITests.m in Sources */ = {isa = PBXBuildFile; fileRef = 4DE9DF851C4FEEF800FD9488 /* AutoSchedulerUITests.m */; };
/* End PBXBuildFile section */

/* Begin PBXContainerItemProxy section */
		4DE9DF771C4FEEF800FD9488 /* PBXContainerItemProxy */ = {
			isa = PBXContainerItemProxy;
			containerPortal = 4DE9DF521C4FEEF700FD9488 /* Project object */;
			proxyType = 1;
			remoteGlobalIDString = 4DE9DF591C4FEEF800FD9488;
			remoteInfo = AutoScheduler;
		};
		4DE9DF821C4FEEF800FD9488 /* PBXContainerItemProxy */ = {
			isa = PBXContainerItemProxy;
			containerPortal = 4DE9DF521C4FEEF700FD9488 /* Project object */;
			proxyType = 1;
			remoteGlobalIDString = 4DE9DF591C4FEEF800FD9488;
			remoteInfo = AutoScheduler;
		};
/* End PBXContainerItemProxy section */

/* Begin PBXFileReference section */
		4D29C2061C6D2EE800B34FD5 /* ASLoginViewController.h */ = {isa = PBXFileReference; fileEncoding = 4; lastKnownFileType = sourcecode.c.h; path = ASLoginViewController.h; sourceTree = "<group>"; };
		4D29C2071C6D2EE800B34FD5 /* ASLoginViewController.m */ = {isa = PBXFileReference; fileEncoding = 4; lastKnownFileType = sourcecode.c.objc; path = ASLoginViewController.m; sourceTree = "<group>"; };
		4D29C20B1C6D2FD800B34FD5 /* ASUserSingleton.h */ = {isa = PBXFileReference; fileEncoding = 4; lastKnownFileType = sourcecode.c.h; path = ASUserSingleton.h; sourceTree = "<group>"; };
		4D29C20C1C6D2FD800B34FD5 /* ASUserSingleton.m */ = {isa = PBXFileReference; fileEncoding = 4; lastKnownFileType = sourcecode.c.objc; path = ASUserSingleton.m; sourceTree = "<group>"; };
		4D29C20E1C6D4D8900B34FD5 /* ASRESTAPI.h */ = {isa = PBXFileReference; fileEncoding = 4; lastKnownFileType = sourcecode.c.h; path = ASRESTAPI.h; sourceTree = "<group>"; };
		4D29C20F1C6D4D8900B34FD5 /* ASRESTAPI.m */ = {isa = PBXFileReference; fileEncoding = 4; lastKnownFileType = sourcecode.c.objc; path = ASRESTAPI.m; sourceTree = "<group>"; };
		4D29C2111C6D61D100B34FD5 /* HomeViewController.h */ = {isa = PBXFileReference; fileEncoding = 4; lastKnownFileType = sourcecode.c.h; path = HomeViewController.h; sourceTree = "<group>"; };
		4D29C2121C6D61D100B34FD5 /* HomeViewController.m */ = {isa = PBXFileReference; fileEncoding = 4; lastKnownFileType = sourcecode.c.objc; path = HomeViewController.m; sourceTree = "<group>"; };
		4D29C2171C6D62DE00B34FD5 /* MenuTableViewCell.h */ = {isa = PBXFileReference; fileEncoding = 4; lastKnownFileType = sourcecode.c.h; path = MenuTableViewCell.h; sourceTree = "<group>"; };
		4D29C2181C6D62DE00B34FD5 /* MenuTableViewCell.m */ = {isa = PBXFileReference; fileEncoding = 4; lastKnownFileType = sourcecode.c.objc; path = MenuTableViewCell.m; sourceTree = "<group>"; };
		4D9885AE1C7A398E0024323C /* ProjectsTableViewController.h */ = {isa = PBXFileReference; fileEncoding = 4; lastKnownFileType = sourcecode.c.h; path = ProjectsTableViewController.h; sourceTree = "<group>"; };
		4D9885AF1C7A398E0024323C /* ProjectsTableViewController.m */ = {isa = PBXFileReference; fileEncoding = 4; lastKnownFileType = sourcecode.c.objc; path = ProjectsTableViewController.m; sourceTree = "<group>"; };
		4D9885B11C7A895D0024323C /* IssuesTableViewController.h */ = {isa = PBXFileReference; fileEncoding = 4; lastKnownFileType = sourcecode.c.h; path = IssuesTableViewController.h; sourceTree = "<group>"; };
		4D9885B21C7A895D0024323C /* IssuesTableViewController.m */ = {isa = PBXFileReference; fileEncoding = 4; lastKnownFileType = sourcecode.c.objc; path = IssuesTableViewController.m; sourceTree = "<group>"; };
		4D9885B41C7ADBAA0024323C /* ProjectDetailsViewController.h */ = {isa = PBXFileReference; fileEncoding = 4; lastKnownFileType = sourcecode.c.h; path = ProjectDetailsViewController.h; sourceTree = "<group>"; };
		4D9885B51C7ADBAA0024323C /* ProjectDetailsViewController.m */ = {isa = PBXFileReference; fileEncoding = 4; lastKnownFileType = sourcecode.c.objc; path = ProjectDetailsViewController.m; sourceTree = "<group>"; };
		4D9885B71C7BDC230024323C /* IssueDetailsViewController.h */ = {isa = PBXFileReference; fileEncoding = 4; lastKnownFileType = sourcecode.c.h; path = IssueDetailsViewController.h; sourceTree = "<group>"; };
		4D9885B81C7BDC230024323C /* IssueDetailsViewController.m */ = {isa = PBXFileReference; fileEncoding = 4; lastKnownFileType = sourcecode.c.objc; path = IssueDetailsViewController.m; sourceTree = "<group>"; };
		4D9885BE1C7C05E60024323C /* NewProjectViewController.h */ = {isa = PBXFileReference; fileEncoding = 4; lastKnownFileType = sourcecode.c.h; path = NewProjectViewController.h; sourceTree = "<group>"; };
		4D9885BF1C7C05E60024323C /* NewProjectViewController.m */ = {isa = PBXFileReference; fileEncoding = 4; lastKnownFileType = sourcecode.c.objc; path = NewProjectViewController.m; sourceTree = "<group>"; };
		4DD5E32D1C528077009350F4 /* reveal-icon.png */ = {isa = PBXFileReference; lastKnownFileType = image.png; path = "reveal-icon.png"; sourceTree = "<group>"; };
		4DD5E32E1C528077009350F4 /* reveal-icon@2x.png */ = {isa = PBXFileReference; lastKnownFileType = image.png; path = "reveal-icon@2x.png"; sourceTree = "<group>"; };
		4DD5E3311C528616009350F4 /* SWRevealViewController.h */ = {isa = PBXFileReference; fileEncoding = 4; lastKnownFileType = sourcecode.c.h; path = SWRevealViewController.h; sourceTree = "<group>"; };
		4DD5E3321C528616009350F4 /* SWRevealViewController.m */ = {isa = PBXFileReference; fileEncoding = 4; lastKnownFileType = sourcecode.c.objc; path = SWRevealViewController.m; sourceTree = "<group>"; };
		4DE9DF5A1C4FEEF800FD9488 /* AutoScheduler.app */ = {isa = PBXFileReference; explicitFileType = wrapper.application; includeInIndex = 0; path = AutoScheduler.app; sourceTree = BUILT_PRODUCTS_DIR; };
		4DE9DF5E1C4FEEF800FD9488 /* main.m */ = {isa = PBXFileReference; lastKnownFileType = sourcecode.c.objc; path = main.m; sourceTree = "<group>"; };
		4DE9DF601C4FEEF800FD9488 /* AppDelegate.h */ = {isa = PBXFileReference; lastKnownFileType = sourcecode.c.h; path = AppDelegate.h; sourceTree = "<group>"; };
		4DE9DF611C4FEEF800FD9488 /* AppDelegate.m */ = {isa = PBXFileReference; lastKnownFileType = sourcecode.c.objc; path = AppDelegate.m; sourceTree = "<group>"; };
		4DE9DF631C4FEEF800FD9488 /* ViewController.h */ = {isa = PBXFileReference; lastKnownFileType = sourcecode.c.h; path = ViewController.h; sourceTree = "<group>"; };
		4DE9DF641C4FEEF800FD9488 /* ViewController.m */ = {isa = PBXFileReference; lastKnownFileType = sourcecode.c.objc; path = ViewController.m; sourceTree = "<group>"; };
		4DE9DF671C4FEEF800FD9488 /* Base */ = {isa = PBXFileReference; lastKnownFileType = file.storyboard; name = Base; path = Base.lproj/Main.storyboard; sourceTree = "<group>"; };
		4DE9DF6A1C4FEEF800FD9488 /* AutoScheduler.xcdatamodel */ = {isa = PBXFileReference; lastKnownFileType = wrapper.xcdatamodel; path = AutoScheduler.xcdatamodel; sourceTree = "<group>"; };
		4DE9DF6C1C4FEEF800FD9488 /* Assets.xcassets */ = {isa = PBXFileReference; lastKnownFileType = folder.assetcatalog; path = Assets.xcassets; sourceTree = "<group>"; };
		4DE9DF6F1C4FEEF800FD9488 /* Base */ = {isa = PBXFileReference; lastKnownFileType = file.storyboard; name = Base; path = Base.lproj/LaunchScreen.storyboard; sourceTree = "<group>"; };
		4DE9DF711C4FEEF800FD9488 /* Info.plist */ = {isa = PBXFileReference; lastKnownFileType = text.plist.xml; path = Info.plist; sourceTree = "<group>"; };
		4DE9DF761C4FEEF800FD9488 /* AutoSchedulerTests.xctest */ = {isa = PBXFileReference; explicitFileType = wrapper.cfbundle; includeInIndex = 0; path = AutoSchedulerTests.xctest; sourceTree = BUILT_PRODUCTS_DIR; };
		4DE9DF7A1C4FEEF800FD9488 /* AutoSchedulerTests.m */ = {isa = PBXFileReference; lastKnownFileType = sourcecode.c.objc; path = AutoSchedulerTests.m; sourceTree = "<group>"; };
		4DE9DF7C1C4FEEF800FD9488 /* Info.plist */ = {isa = PBXFileReference; lastKnownFileType = text.plist.xml; path = Info.plist; sourceTree = "<group>"; };
		4DE9DF811C4FEEF800FD9488 /* AutoSchedulerUITests.xctest */ = {isa = PBXFileReference; explicitFileType = wrapper.cfbundle; includeInIndex = 0; path = AutoSchedulerUITests.xctest; sourceTree = BUILT_PRODUCTS_DIR; };
		4DE9DF851C4FEEF800FD9488 /* AutoSchedulerUITests.m */ = {isa = PBXFileReference; lastKnownFileType = sourcecode.c.objc; path = AutoSchedulerUITests.m; sourceTree = "<group>"; };
		4DE9DF871C4FEEF800FD9488 /* Info.plist */ = {isa = PBXFileReference; lastKnownFileType = text.plist.xml; path = Info.plist; sourceTree = "<group>"; };
/* End PBXFileReference section */

/* Begin PBXFrameworksBuildPhase section */
		4DE9DF571C4FEEF800FD9488 /* Frameworks */ = {
			isa = PBXFrameworksBuildPhase;
			buildActionMask = 2147483647;
			files = (
			);
			runOnlyForDeploymentPostprocessing = 0;
		};
		4DE9DF731C4FEEF800FD9488 /* Frameworks */ = {
			isa = PBXFrameworksBuildPhase;
			buildActionMask = 2147483647;
			files = (
			);
			runOnlyForDeploymentPostprocessing = 0;
		};
		4DE9DF7E1C4FEEF800FD9488 /* Frameworks */ = {
			isa = PBXFrameworksBuildPhase;
			buildActionMask = 2147483647;
			files = (
			);
			runOnlyForDeploymentPostprocessing = 0;
		};
/* End PBXFrameworksBuildPhase section */

/* Begin PBXGroup section */
		4D29C2091C6D2EFE00B34FD5 /* Views */ = {
			isa = PBXGroup;
			children = (
				4DE9DF631C4FEEF800FD9488 /* ViewController.h */,
				4DE9DF641C4FEEF800FD9488 /* ViewController.m */,
				4D29C2061C6D2EE800B34FD5 /* ASLoginViewController.h */,
				4D29C2071C6D2EE800B34FD5 /* ASLoginViewController.m */,
				4D29C2111C6D61D100B34FD5 /* HomeViewController.h */,
				4D29C2121C6D61D100B34FD5 /* HomeViewController.m */,
				4D29C2171C6D62DE00B34FD5 /* MenuTableViewCell.h */,
				4D29C2181C6D62DE00B34FD5 /* MenuTableViewCell.m */,
				4D9885AE1C7A398E0024323C /* ProjectsTableViewController.h */,
				4D9885AF1C7A398E0024323C /* ProjectsTableViewController.m */,
				4D9885B41C7ADBAA0024323C /* ProjectDetailsViewController.h */,
				4D9885B51C7ADBAA0024323C /* ProjectDetailsViewController.m */,
				4D9885BE1C7C05E60024323C /* NewProjectViewController.h */,
				4D9885BF1C7C05E60024323C /* NewProjectViewController.m */,
				4D9885B11C7A895D0024323C /* IssuesTableViewController.h */,
				4D9885B21C7A895D0024323C /* IssuesTableViewController.m */,
				4D9885B71C7BDC230024323C /* IssueDetailsViewController.h */,
				4D9885B81C7BDC230024323C /* IssueDetailsViewController.m */,
				4D29C20A1C6D2F2200B34FD5 /* Model */,
			);
			name = Views;
			sourceTree = "<group>";
		};
		4D29C20A1C6D2F2200B34FD5 /* Model */ = {
			isa = PBXGroup;
			children = (
				4D29C20B1C6D2FD800B34FD5 /* ASUserSingleton.h */,
				4D29C20C1C6D2FD800B34FD5 /* ASUserSingleton.m */,
				4D29C20E1C6D4D8900B34FD5 /* ASRESTAPI.h */,
				4D29C20F1C6D4D8900B34FD5 /* ASRESTAPI.m */,
			);
			name = Model;
			sourceTree = "<group>";
		};
		4DD5E3291C527A84009350F4 /* SWRevealViewController */ = {
			isa = PBXGroup;
			children = (
				4DD5E32D1C528077009350F4 /* reveal-icon.png */,
				4DD5E32E1C528077009350F4 /* reveal-icon@2x.png */,
				4DD5E3311C528616009350F4 /* SWRevealViewController.h */,
				4DD5E3321C528616009350F4 /* SWRevealViewController.m */,
			);
			path = SWRevealViewController;
			sourceTree = "<group>";
		};
		4DE9DF511C4FEEF700FD9488 = {
			isa = PBXGroup;
			children = (
				4DE9DF5C1C4FEEF800FD9488 /* AutoScheduler */,
				4DE9DF791C4FEEF800FD9488 /* AutoSchedulerTests */,
				4DE9DF841C4FEEF800FD9488 /* AutoSchedulerUITests */,
				4DE9DF5B1C4FEEF800FD9488 /* Products */,
			);
			sourceTree = "<group>";
		};
		4DE9DF5B1C4FEEF800FD9488 /* Products */ = {
			isa = PBXGroup;
			children = (
				4DE9DF5A1C4FEEF800FD9488 /* AutoScheduler.app */,
				4DE9DF761C4FEEF800FD9488 /* AutoSchedulerTests.xctest */,
				4DE9DF811C4FEEF800FD9488 /* AutoSchedulerUITests.xctest */,
			);
			name = Products;
			sourceTree = "<group>";
		};
		4DE9DF5C1C4FEEF800FD9488 /* AutoScheduler */ = {
			isa = PBXGroup;
			children = (
				4DE9DF601C4FEEF800FD9488 /* AppDelegate.h */,
				4DE9DF611C4FEEF800FD9488 /* AppDelegate.m */,
				4D29C2091C6D2EFE00B34FD5 /* Views */,
				4DE9DF661C4FEEF800FD9488 /* Main.storyboard */,
				4DE9DF6C1C4FEEF800FD9488 /* Assets.xcassets */,
				4DE9DF6E1C4FEEF800FD9488 /* LaunchScreen.storyboard */,
				4DE9DF711C4FEEF800FD9488 /* Info.plist */,
				4DE9DF691C4FEEF800FD9488 /* AutoScheduler.xcdatamodeld */,
				4DE9DF5D1C4FEEF800FD9488 /* Supporting Files */,
			);
			path = AutoScheduler;
			sourceTree = "<group>";
		};
		4DE9DF5D1C4FEEF800FD9488 /* Supporting Files */ = {
			isa = PBXGroup;
			children = (
				4DD5E3291C527A84009350F4 /* SWRevealViewController */,
				4DE9DF5E1C4FEEF800FD9488 /* main.m */,
			);
			name = "Supporting Files";
			sourceTree = "<group>";
		};
		4DE9DF791C4FEEF800FD9488 /* AutoSchedulerTests */ = {
			isa = PBXGroup;
			children = (
				4DE9DF7A1C4FEEF800FD9488 /* AutoSchedulerTests.m */,
				4DE9DF7C1C4FEEF800FD9488 /* Info.plist */,
			);
			path = AutoSchedulerTests;
			sourceTree = "<group>";
		};
		4DE9DF841C4FEEF800FD9488 /* AutoSchedulerUITests */ = {
			isa = PBXGroup;
			children = (
				4DE9DF851C4FEEF800FD9488 /* AutoSchedulerUITests.m */,
				4DE9DF871C4FEEF800FD9488 /* Info.plist */,
			);
			path = AutoSchedulerUITests;
			sourceTree = "<group>";
		};
/* End PBXGroup section */

/* Begin PBXNativeTarget section */
		4DE9DF591C4FEEF800FD9488 /* AutoScheduler */ = {
			isa = PBXNativeTarget;
			buildConfigurationList = 4DE9DF8A1C4FEEF800FD9488 /* Build configuration list for PBXNativeTarget "AutoScheduler" */;
			buildPhases = (
				4DE9DF561C4FEEF800FD9488 /* Sources */,
				4DE9DF571C4FEEF800FD9488 /* Frameworks */,
				4DE9DF581C4FEEF800FD9488 /* Resources */,
			);
			buildRules = (
			);
			dependencies = (
			);
			name = AutoScheduler;
			productName = AutoScheduler;
			productReference = 4DE9DF5A1C4FEEF800FD9488 /* AutoScheduler.app */;
			productType = "com.apple.product-type.application";
		};
		4DE9DF751C4FEEF800FD9488 /* AutoSchedulerTests */ = {
			isa = PBXNativeTarget;
			buildConfigurationList = 4DE9DF8D1C4FEEF800FD9488 /* Build configuration list for PBXNativeTarget "AutoSchedulerTests" */;
			buildPhases = (
				4DE9DF721C4FEEF800FD9488 /* Sources */,
				4DE9DF731C4FEEF800FD9488 /* Frameworks */,
				4DE9DF741C4FEEF800FD9488 /* Resources */,
			);
			buildRules = (
			);
			dependencies = (
				4DE9DF781C4FEEF800FD9488 /* PBXTargetDependency */,
			);
			name = AutoSchedulerTests;
			productName = AutoSchedulerTests;
			productReference = 4DE9DF761C4FEEF800FD9488 /* AutoSchedulerTests.xctest */;
			productType = "com.apple.product-type.bundle.unit-test";
		};
		4DE9DF801C4FEEF800FD9488 /* AutoSchedulerUITests */ = {
			isa = PBXNativeTarget;
			buildConfigurationList = 4DE9DF901C4FEEF800FD9488 /* Build configuration list for PBXNativeTarget "AutoSchedulerUITests" */;
			buildPhases = (
				4DE9DF7D1C4FEEF800FD9488 /* Sources */,
				4DE9DF7E1C4FEEF800FD9488 /* Frameworks */,
				4DE9DF7F1C4FEEF800FD9488 /* Resources */,
			);
			buildRules = (
			);
			dependencies = (
				4DE9DF831C4FEEF800FD9488 /* PBXTargetDependency */,
			);
			name = AutoSchedulerUITests;
			productName = AutoSchedulerUITests;
			productReference = 4DE9DF811C4FEEF800FD9488 /* AutoSchedulerUITests.xctest */;
			productType = "com.apple.product-type.bundle.ui-testing";
		};
/* End PBXNativeTarget section */

/* Begin PBXProject section */
		4DE9DF521C4FEEF700FD9488 /* Project object */ = {
			isa = PBXProject;
			attributes = {
				LastUpgradeCheck = 0720;
				ORGANIZATIONNAME = "Gannon University";
				TargetAttributes = {
					4DE9DF591C4FEEF800FD9488 = {
						CreatedOnToolsVersion = 7.2;
					};
					4DE9DF751C4FEEF800FD9488 = {
						CreatedOnToolsVersion = 7.2;
						TestTargetID = 4DE9DF591C4FEEF800FD9488;
					};
					4DE9DF801C4FEEF800FD9488 = {
						CreatedOnToolsVersion = 7.2;
						TestTargetID = 4DE9DF591C4FEEF800FD9488;
					};
				};
			};
			buildConfigurationList = 4DE9DF551C4FEEF700FD9488 /* Build configuration list for PBXProject "AutoScheduler" */;
			compatibilityVersion = "Xcode 3.2";
			developmentRegion = English;
			hasScannedForEncodings = 0;
			knownRegions = (
				en,
				Base,
			);
			mainGroup = 4DE9DF511C4FEEF700FD9488;
			productRefGroup = 4DE9DF5B1C4FEEF800FD9488 /* Products */;
			projectDirPath = "";
			projectRoot = "";
			targets = (
				4DE9DF591C4FEEF800FD9488 /* AutoScheduler */,
				4DE9DF751C4FEEF800FD9488 /* AutoSchedulerTests */,
				4DE9DF801C4FEEF800FD9488 /* AutoSchedulerUITests */,
			);
		};
/* End PBXProject section */

/* Begin PBXResourcesBuildPhase section */
		4DE9DF581C4FEEF800FD9488 /* Resources */ = {
			isa = PBXResourcesBuildPhase;
			buildActionMask = 2147483647;
			files = (
				4DE9DF701C4FEEF800FD9488 /* LaunchScreen.storyboard in Resources */,
				4DD5E3301C528077009350F4 /* reveal-icon@2x.png in Resources */,
				4DE9DF6D1C4FEEF800FD9488 /* Assets.xcassets in Resources */,
				4DE9DF681C4FEEF800FD9488 /* Main.storyboard in Resources */,
				4DD5E32F1C528077009350F4 /* reveal-icon.png in Resources */,
			);
			runOnlyForDeploymentPostprocessing = 0;
		};
		4DE9DF741C4FEEF800FD9488 /* Resources */ = {
			isa = PBXResourcesBuildPhase;
			buildActionMask = 2147483647;
			files = (
			);
			runOnlyForDeploymentPostprocessing = 0;
		};
		4DE9DF7F1C4FEEF800FD9488 /* Resources */ = {
			isa = PBXResourcesBuildPhase;
			buildActionMask = 2147483647;
			files = (
			);
			runOnlyForDeploymentPostprocessing = 0;
		};
/* End PBXResourcesBuildPhase section */

/* Begin PBXSourcesBuildPhase section */
		4DE9DF561C4FEEF800FD9488 /* Sources */ = {
			isa = PBXSourcesBuildPhase;
			buildActionMask = 2147483647;
			files = (
				4DE9DF651C4FEEF800FD9488 /* ViewController.m in Sources */,
				4DE9DF621C4FEEF800FD9488 /* AppDelegate.m in Sources */,
				4D9885C01C7C05E60024323C /* NewProjectViewController.m in Sources */,
				4D29C2191C6D62DE00B34FD5 /* MenuTableViewCell.m in Sources */,
				4D29C2101C6D4D8900B34FD5 /* ASRESTAPI.m in Sources */,
				4DD5E3331C528616009350F4 /* SWRevealViewController.m in Sources */,
				4D9885B91C7BDC230024323C /* IssueDetailsViewController.m in Sources */,
				4D9885B31C7A895D0024323C /* IssuesTableViewController.m in Sources */,
				4D29C20D1C6D2FD800B34FD5 /* ASUserSingleton.m in Sources */,
				4D9885B61C7ADBAA0024323C /* ProjectDetailsViewController.m in Sources */,
				4D29C2131C6D61D100B34FD5 /* HomeViewController.m in Sources */,
				4DE9DF6B1C4FEEF800FD9488 /* AutoScheduler.xcdatamodeld in Sources */,
				4D29C2081C6D2EE800B34FD5 /* ASLoginViewController.m in Sources */,
				4D9885B01C7A398E0024323C /* ProjectsTableViewController.m in Sources */,
				4DE9DF5F1C4FEEF800FD9488 /* main.m in Sources */,
			);
			runOnlyForDeploymentPostprocessing = 0;
		};
		4DE9DF721C4FEEF800FD9488 /* Sources */ = {
			isa = PBXSourcesBuildPhase;
			buildActionMask = 2147483647;
			files = (
				4DE9DF7B1C4FEEF800FD9488 /* AutoSchedulerTests.m in Sources */,
			);
			runOnlyForDeploymentPostprocessing = 0;
		};
		4DE9DF7D1C4FEEF800FD9488 /* Sources */ = {
			isa = PBXSourcesBuildPhase;
			buildActionMask = 2147483647;
			files = (
				4DE9DF861C4FEEF800FD9488 /* AutoSchedulerUITests.m in Sources */,
			);
			runOnlyForDeploymentPostprocessing = 0;
		};
/* End PBXSourcesBuildPhase section */

/* Begin PBXTargetDependency section */
		4DE9DF781C4FEEF800FD9488 /* PBXTargetDependency */ = {
			isa = PBXTargetDependency;
			target = 4DE9DF591C4FEEF800FD9488 /* AutoScheduler */;
			targetProxy = 4DE9DF771C4FEEF800FD9488 /* PBXContainerItemProxy */;
		};
		4DE9DF831C4FEEF800FD9488 /* PBXTargetDependency */ = {
			isa = PBXTargetDependency;
			target = 4DE9DF591C4FEEF800FD9488 /* AutoScheduler */;
			targetProxy = 4DE9DF821C4FEEF800FD9488 /* PBXContainerItemProxy */;
		};
/* End PBXTargetDependency section */

/* Begin PBXVariantGroup section */
		4DE9DF661C4FEEF800FD9488 /* Main.storyboard */ = {
			isa = PBXVariantGroup;
			children = (
				4DE9DF671C4FEEF800FD9488 /* Base */,
			);
			name = Main.storyboard;
			sourceTree = "<group>";
		};
		4DE9DF6E1C4FEEF800FD9488 /* LaunchScreen.storyboard */ = {
			isa = PBXVariantGroup;
			children = (
				4DE9DF6F1C4FEEF800FD9488 /* Base */,
			);
			name = LaunchScreen.storyboard;
			sourceTree = "<group>";
		};
/* End PBXVariantGroup section */

/* Begin XCBuildConfiguration section */
		4DE9DF881C4FEEF800FD9488 /* Debug */ = {
			isa = XCBuildConfiguration;
			buildSettings = {
				ALWAYS_SEARCH_USER_PATHS = NO;
				CLANG_CXX_LANGUAGE_STANDARD = "gnu++0x";
				CLANG_CXX_LIBRARY = "libc++";
				CLANG_ENABLE_MODULES = YES;
				CLANG_ENABLE_OBJC_ARC = YES;
				CLANG_WARN_BOOL_CONVERSION = YES;
				CLANG_WARN_CONSTANT_CONVERSION = YES;
				CLANG_WARN_DIRECT_OBJC_ISA_USAGE = YES_ERROR;
				CLANG_WARN_EMPTY_BODY = YES;
				CLANG_WARN_ENUM_CONVERSION = YES;
				CLANG_WARN_INT_CONVERSION = YES;
				CLANG_WARN_OBJC_ROOT_CLASS = YES_ERROR;
				CLANG_WARN_UNREACHABLE_CODE = YES;
				CLANG_WARN__DUPLICATE_METHOD_MATCH = YES;
				"CODE_SIGN_IDENTITY[sdk=iphoneos*]" = "iPhone Developer";
				COPY_PHASE_STRIP = NO;
				DEBUG_INFORMATION_FORMAT = dwarf;
				ENABLE_STRICT_OBJC_MSGSEND = YES;
				ENABLE_TESTABILITY = YES;
				GCC_C_LANGUAGE_STANDARD = gnu99;
				GCC_DYNAMIC_NO_PIC = NO;
				GCC_NO_COMMON_BLOCKS = YES;
				GCC_OPTIMIZATION_LEVEL = 0;
				GCC_PREPROCESSOR_DEFINITIONS = (
					"DEBUG=1",
					"$(inherited)",
				);
				GCC_WARN_64_TO_32_BIT_CONVERSION = YES;
				GCC_WARN_ABOUT_RETURN_TYPE = YES_ERROR;
				GCC_WARN_UNDECLARED_SELECTOR = YES;
				GCC_WARN_UNINITIALIZED_AUTOS = YES_AGGRESSIVE;
				GCC_WARN_UNUSED_FUNCTION = YES;
				GCC_WARN_UNUSED_VARIABLE = YES;
				IPHONEOS_DEPLOYMENT_TARGET = 9.2;
				MTL_ENABLE_DEBUG_INFO = YES;
				ONLY_ACTIVE_ARCH = YES;
				SDKROOT = iphoneos;
			};
			name = Debug;
		};
		4DE9DF891C4FEEF800FD9488 /* Release */ = {
			isa = XCBuildConfiguration;
			buildSettings = {
				ALWAYS_SEARCH_USER_PATHS = NO;
				CLANG_CXX_LANGUAGE_STANDARD = "gnu++0x";
				CLANG_CXX_LIBRARY = "libc++";
				CLANG_ENABLE_MODULES = YES;
				CLANG_ENABLE_OBJC_ARC = YES;
				CLANG_WARN_BOOL_CONVERSION = YES;
				CLANG_WARN_CONSTANT_CONVERSION = YES;
				CLANG_WARN_DIRECT_OBJC_ISA_USAGE = YES_ERROR;
				CLANG_WARN_EMPTY_BODY = YES;
				CLANG_WARN_ENUM_CONVERSION = YES;
				CLANG_WARN_INT_CONVERSION = YES;
				CLANG_WARN_OBJC_ROOT_CLASS = YES_ERROR;
				CLANG_WARN_UNREACHABLE_CODE = YES;
				CLANG_WARN__DUPLICATE_METHOD_MATCH = YES;
				"CODE_SIGN_IDENTITY[sdk=iphoneos*]" = "iPhone Developer";
				COPY_PHASE_STRIP = NO;
				DEBUG_INFORMATION_FORMAT = "dwarf-with-dsym";
				ENABLE_NS_ASSERTIONS = NO;
				ENABLE_STRICT_OBJC_MSGSEND = YES;
				GCC_C_LANGUAGE_STANDARD = gnu99;
				GCC_NO_COMMON_BLOCKS = YES;
				GCC_WARN_64_TO_32_BIT_CONVERSION = YES;
				GCC_WARN_ABOUT_RETURN_TYPE = YES_ERROR;
				GCC_WARN_UNDECLARED_SELECTOR = YES;
				GCC_WARN_UNINITIALIZED_AUTOS = YES_AGGRESSIVE;
				GCC_WARN_UNUSED_FUNCTION = YES;
				GCC_WARN_UNUSED_VARIABLE = YES;
				IPHONEOS_DEPLOYMENT_TARGET = 9.2;
				MTL_ENABLE_DEBUG_INFO = NO;
				SDKROOT = iphoneos;
				VALIDATE_PRODUCT = YES;
			};
			name = Release;
		};
		4DE9DF8B1C4FEEF800FD9488 /* Debug */ = {
			isa = XCBuildConfiguration;
			buildSettings = {
				ASSETCATALOG_COMPILER_APPICON_NAME = AppIcon;
				INFOPLIST_FILE = AutoScheduler/Info.plist;
				LD_RUNPATH_SEARCH_PATHS = "$(inherited) @executable_path/Frameworks";
				PRODUCT_BUNDLE_IDENTIFIER = HAlmushaigh.AutoScheduler;
				PRODUCT_NAME = "$(TARGET_NAME)";
			};
			name = Debug;
		};
		4DE9DF8C1C4FEEF800FD9488 /* Release */ = {
			isa = XCBuildConfiguration;
			buildSettings = {
				ASSETCATALOG_COMPILER_APPICON_NAME = AppIcon;
				INFOPLIST_FILE = AutoScheduler/Info.plist;
				LD_RUNPATH_SEARCH_PATHS = "$(inherited) @executable_path/Frameworks";
				PRODUCT_BUNDLE_IDENTIFIER = HAlmushaigh.AutoScheduler;
				PRODUCT_NAME = "$(TARGET_NAME)";
			};
			name = Release;
		};
		4DE9DF8E1C4FEEF800FD9488 /* Debug */ = {
			isa = XCBuildConfiguration;
			buildSettings = {
				BUNDLE_LOADER = "$(TEST_HOST)";
				INFOPLIST_FILE = AutoSchedulerTests/Info.plist;
				LD_RUNPATH_SEARCH_PATHS = "$(inherited) @executable_path/Frameworks @loader_path/Frameworks";
				PRODUCT_BUNDLE_IDENTIFIER = HAlmushaigh.AutoSchedulerTests;
				PRODUCT_NAME = "$(TARGET_NAME)";
				TEST_HOST = "$(BUILT_PRODUCTS_DIR)/AutoScheduler.app/AutoScheduler";
			};
			name = Debug;
		};
		4DE9DF8F1C4FEEF800FD9488 /* Release */ = {
			isa = XCBuildConfiguration;
			buildSettings = {
				BUNDLE_LOADER = "$(TEST_HOST)";
				INFOPLIST_FILE = AutoSchedulerTests/Info.plist;
				LD_RUNPATH_SEARCH_PATHS = "$(inherited) @executable_path/Frameworks @loader_path/Frameworks";
				PRODUCT_BUNDLE_IDENTIFIER = HAlmushaigh.AutoSchedulerTests;
				PRODUCT_NAME = "$(TARGET_NAME)";
				TEST_HOST = "$(BUILT_PRODUCTS_DIR)/AutoScheduler.app/AutoScheduler";
			};
			name = Release;
		};
		4DE9DF911C4FEEF800FD9488 /* Debug */ = {
			isa = XCBuildConfiguration;
			buildSettings = {
				INFOPLIST_FILE = AutoSchedulerUITests/Info.plist;
				LD_RUNPATH_SEARCH_PATHS = "$(inherited) @executable_path/Frameworks @loader_path/Frameworks";
				PRODUCT_BUNDLE_IDENTIFIER = HAlmushaigh.AutoSchedulerUITests;
				PRODUCT_NAME = "$(TARGET_NAME)";
				TEST_TARGET_NAME = AutoScheduler;
				USES_XCTRUNNER = YES;
			};
			name = Debug;
		};
		4DE9DF921C4FEEF800FD9488 /* Release */ = {
			isa = XCBuildConfiguration;
			buildSettings = {
				INFOPLIST_FILE = AutoSchedulerUITests/Info.plist;
				LD_RUNPATH_SEARCH_PATHS = "$(inherited) @executable_path/Frameworks @loader_path/Frameworks";
				PRODUCT_BUNDLE_IDENTIFIER = HAlmushaigh.AutoSchedulerUITests;
				PRODUCT_NAME = "$(TARGET_NAME)";
				TEST_TARGET_NAME = AutoScheduler;
				USES_XCTRUNNER = YES;
			};
			name = Release;
		};
/* End XCBuildConfiguration section */

/* Begin XCConfigurationList section */
		4DE9DF551C4FEEF700FD9488 /* Build configuration list for PBXProject "AutoScheduler" */ = {
			isa = XCConfigurationList;
			buildConfigurations = (
				4DE9DF881C4FEEF800FD9488 /* Debug */,
				4DE9DF891C4FEEF800FD9488 /* Release */,
			);
			defaultConfigurationIsVisible = 0;
			defaultConfigurationName = Release;
		};
		4DE9DF8A1C4FEEF800FD9488 /* Build configuration list for PBXNativeTarget "AutoScheduler" */ = {
			isa = XCConfigurationList;
			buildConfigurations = (
				4DE9DF8B1C4FEEF800FD9488 /* Debug */,
				4DE9DF8C1C4FEEF800FD9488 /* Release */,
			);
			defaultConfigurationIsVisible = 0;
			defaultConfigurationName = Release;
		};
		4DE9DF8D1C4FEEF800FD9488 /* Build configuration list for PBXNativeTarget "AutoSchedulerTests" */ = {
			isa = XCConfigurationList;
			buildConfigurations = (
				4DE9DF8E1C4FEEF800FD9488 /* Debug */,
				4DE9DF8F1C4FEEF800FD9488 /* Release */,
			);
			defaultConfigurationIsVisible = 0;
			defaultConfigurationName = Release;
		};
		4DE9DF901C4FEEF800FD9488 /* Build configuration list for PBXNativeTarget "AutoSchedulerUITests" */ = {
			isa = XCConfigurationList;
			buildConfigurations = (
				4DE9DF911C4FEEF800FD9488 /* Debug */,
				4DE9DF921C4FEEF800FD9488 /* Release */,
			);
			defaultConfigurationIsVisible = 0;
			defaultConfigurationName = Release;
		};
/* End XCConfigurationList section */

/* Begin XCVersionGroup section */
		4DE9DF691C4FEEF800FD9488 /* AutoScheduler.xcdatamodeld */ = {
			isa = XCVersionGroup;
			children = (
				4DE9DF6A1C4FEEF800FD9488 /* AutoScheduler.xcdatamodel */,
			);
			currentVersion = 4DE9DF6A1C4FEEF800FD9488 /* AutoScheduler.xcdatamodel */;
			path = AutoScheduler.xcdatamodeld;
			sourceTree = "<group>";
			versionGroupType = wrapper.xcdatamodel;
		};
/* End XCVersionGroup section */
	};
	rootObject = 4DE9DF521C4FEEF700FD9488 /* Project object */;
}
